// !$*UTF8*$!
{
	archiveVersion = 1;
	classes = {
	};
	objectVersion = 51;
	objects = {

/* Begin PBXBuildFile section */
		33E794F802B906A8F98EB218 /* Pods_BestBar.framework in Frameworks */ = {isa = PBXBuildFile; fileRef = 46D07F3F2BCCCE9D7E87DD25 /* Pods_BestBar.framework */; };
		7F298699230FF56800B87B11 /* AppDelegate.swift in Sources */ = {isa = PBXBuildFile; fileRef = 7F298698230FF56800B87B11 /* AppDelegate.swift */; };
		7F29869B230FF56800B87B11 /* ViewController.swift in Sources */ = {isa = PBXBuildFile; fileRef = 7F29869A230FF56800B87B11 /* ViewController.swift */; };
		7F29869E230FF56800B87B11 /* Main.storyboard in Resources */ = {isa = PBXBuildFile; fileRef = 7F29869C230FF56800B87B11 /* Main.storyboard */; };
		7F2986A0230FF56C00B87B11 /* Assets.xcassets in Resources */ = {isa = PBXBuildFile; fileRef = 7F29869F230FF56C00B87B11 /* Assets.xcassets */; };
		7F2986A3230FF56C00B87B11 /* LaunchScreen.storyboard in Resources */ = {isa = PBXBuildFile; fileRef = 7F2986A1230FF56C00B87B11 /* LaunchScreen.storyboard */; };
		7F31D89C232AED7C00923AC2 /* BarCalloutViewController.swift in Sources */ = {isa = PBXBuildFile; fileRef = 7F31D89A232AED7C00923AC2 /* BarCalloutViewController.swift */; };
		7F31D89D232AED7C00923AC2 /* BarCalloutViewController.xib in Resources */ = {isa = PBXBuildFile; fileRef = 7F31D89B232AED7C00923AC2 /* BarCalloutViewController.xib */; };
		7F46C9ED232BA15C005B5420 /* buttonWelcome@3x.png in Resources */ = {isa = PBXBuildFile; fileRef = 7F46C9EA232BA155005B5420 /* buttonWelcome@3x.png */; };
		7F46C9EE232BA15C005B5420 /* btn black.png in Resources */ = {isa = PBXBuildFile; fileRef = 7F46C9EB232BA158005B5420 /* btn black.png */; };
		7F46C9EF232BA15C005B5420 /* btn blue@3x.png in Resources */ = {isa = PBXBuildFile; fileRef = 7F46C9EC232BA15C005B5420 /* btn blue@3x.png */; };
		7F46C9F1232BA92F005B5420 /* BarDetailView.storyboard in Resources */ = {isa = PBXBuildFile; fileRef = 7F46C9F0232BA92F005B5420 /* BarDetailView.storyboard */; };
		7F46C9F3232BE7B7005B5420 /* BarDetailViewController.swift in Sources */ = {isa = PBXBuildFile; fileRef = 7F46C9F2232BE7B7005B5420 /* BarDetailViewController.swift */; };
		7F72DEA6235E1BD000C71FEC /* BarPhotoCell.swift in Sources */ = {isa = PBXBuildFile; fileRef = 7F72DEA5235E1BD000C71FEC /* BarPhotoCell.swift */; };
		7FADBC10231037930072FE02 /* MapViewController.swift in Sources */ = {isa = PBXBuildFile; fileRef = 7FADBC0F231037930072FE02 /* MapViewController.swift */; };
		7FADBC122317C2000072FE02 /* BarAnnotation.swift in Sources */ = {isa = PBXBuildFile; fileRef = 7FADBC112317C2000072FE02 /* BarAnnotation.swift */; };
		7FADBC142317D8170072FE02 /* FirebaseClient.swift in Sources */ = {isa = PBXBuildFile; fileRef = 7FADBC132317D8170072FE02 /* FirebaseClient.swift */; };
		7FADBC162317DC8F0072FE02 /* GoogleService-Info.plist in Resources */ = {isa = PBXBuildFile; fileRef = 7FADBC152317DC8F0072FE02 /* GoogleService-Info.plist */; };
		7FADBC192317E3A60072FE02 /* CLLocationCoordinate2D+Extension.swift in Sources */ = {isa = PBXBuildFile; fileRef = 7FADBC182317E3A60072FE02 /* CLLocationCoordinate2D+Extension.swift */; };
		7FAF2394232BF30500D2CD5F /* contentViewHeader@3x.png in Resources */ = {isa = PBXBuildFile; fileRef = 7FAF2393232BF30500D2CD5F /* contentViewHeader@3x.png */; };
		7FAF2396232BF3EA00D2CD5F /* 0_jpeg-125.jpg in Resources */ = {isa = PBXBuildFile; fileRef = 7FAF2395232BF3EA00D2CD5F /* 0_jpeg-125.jpg */; };
		7FAF239A232BFFA300D2CD5F /* GreenTick@3x.png in Resources */ = {isa = PBXBuildFile; fileRef = 7FAF2399232BFFA300D2CD5F /* GreenTick@3x.png */; };
		7FAF239C232C033900D2CD5F /* BestBitsCell.swift in Sources */ = {isa = PBXBuildFile; fileRef = 7FAF239B232C033900D2CD5F /* BestBitsCell.swift */; };
		7FCE17802360DD1100821964 /* ReviewCell.swift in Sources */ = {isa = PBXBuildFile; fileRef = 7FCE177F2360DD1100821964 /* ReviewCell.swift */; };
		7FDB954223617B7000D0FE46 /* ReviewsViewController.swift in Sources */ = {isa = PBXBuildFile; fileRef = 7FDB954123617B7000D0FE46 /* ReviewsViewController.swift */; };
		7FDB954523617F2D00D0FE46 /* Review.swift in Sources */ = {isa = PBXBuildFile; fileRef = 7FDB954423617F2D00D0FE46 /* Review.swift */; };
		7FDB95472361E19700D0FE46 /* ReviewSubmissionConfView.storyboard in Resources */ = {isa = PBXBuildFile; fileRef = 7FDB95462361E19700D0FE46 /* ReviewSubmissionConfView.storyboard */; };
		7FDB95492361E60400D0FE46 /* SubmitReviewViewController.swift in Sources */ = {isa = PBXBuildFile; fileRef = 7FDB95482361E60400D0FE46 /* SubmitReviewViewController.swift */; };
		7FFC20352330119B00D2DF21 /* PhotosViewController.swift in Sources */ = {isa = PBXBuildFile; fileRef = 7FFC20342330119B00D2DF21 /* PhotosViewController.swift */; };
/* End PBXBuildFile section */

/* Begin PBXFileReference section */
		46D07F3F2BCCCE9D7E87DD25 /* Pods_BestBar.framework */ = {isa = PBXFileReference; explicitFileType = wrapper.framework; includeInIndex = 0; path = Pods_BestBar.framework; sourceTree = BUILT_PRODUCTS_DIR; };
		52AF23D3BCF20F18D7C703CE /* Pods-BestBar.debug.xcconfig */ = {isa = PBXFileReference; includeInIndex = 1; lastKnownFileType = text.xcconfig; name = "Pods-BestBar.debug.xcconfig"; path = "Target Support Files/Pods-BestBar/Pods-BestBar.debug.xcconfig"; sourceTree = "<group>"; };
		75A2C4E699DA9480DB58BF7F /* Pods-BestBar.release.xcconfig */ = {isa = PBXFileReference; includeInIndex = 1; lastKnownFileType = text.xcconfig; name = "Pods-BestBar.release.xcconfig"; path = "Target Support Files/Pods-BestBar/Pods-BestBar.release.xcconfig"; sourceTree = "<group>"; };
		7F298695230FF56800B87B11 /* BestBar.app */ = {isa = PBXFileReference; explicitFileType = wrapper.application; includeInIndex = 0; path = BestBar.app; sourceTree = BUILT_PRODUCTS_DIR; };
		7F298698230FF56800B87B11 /* AppDelegate.swift */ = {isa = PBXFileReference; lastKnownFileType = sourcecode.swift; path = AppDelegate.swift; sourceTree = "<group>"; };
		7F29869A230FF56800B87B11 /* ViewController.swift */ = {isa = PBXFileReference; lastKnownFileType = sourcecode.swift; path = ViewController.swift; sourceTree = "<group>"; };
		7F29869D230FF56800B87B11 /* Base */ = {isa = PBXFileReference; lastKnownFileType = file.storyboard; name = Base; path = Base.lproj/Main.storyboard; sourceTree = "<group>"; };
		7F29869F230FF56C00B87B11 /* Assets.xcassets */ = {isa = PBXFileReference; lastKnownFileType = folder.assetcatalog; path = Assets.xcassets; sourceTree = "<group>"; };
		7F2986A2230FF56C00B87B11 /* Base */ = {isa = PBXFileReference; lastKnownFileType = file.storyboard; name = Base; path = Base.lproj/LaunchScreen.storyboard; sourceTree = "<group>"; };
		7F2986A4230FF56C00B87B11 /* Info.plist */ = {isa = PBXFileReference; lastKnownFileType = text.plist.xml; path = Info.plist; sourceTree = "<group>"; };
		7F31D89A232AED7C00923AC2 /* BarCalloutViewController.swift */ = {isa = PBXFileReference; lastKnownFileType = sourcecode.swift; path = BarCalloutViewController.swift; sourceTree = "<group>"; };
		7F31D89B232AED7C00923AC2 /* BarCalloutViewController.xib */ = {isa = PBXFileReference; lastKnownFileType = file.xib; path = BarCalloutViewController.xib; sourceTree = "<group>"; };
		7F46C9EA232BA155005B5420 /* buttonWelcome@3x.png */ = {isa = PBXFileReference; lastKnownFileType = image.png; path = "buttonWelcome@3x.png"; sourceTree = "<group>"; };
		7F46C9EB232BA158005B5420 /* btn black.png */ = {isa = PBXFileReference; lastKnownFileType = image.png; path = "btn black.png"; sourceTree = "<group>"; };
		7F46C9EC232BA15C005B5420 /* btn blue@3x.png */ = {isa = PBXFileReference; lastKnownFileType = image.png; path = "btn blue@3x.png"; sourceTree = "<group>"; };
		7F46C9F0232BA92F005B5420 /* BarDetailView.storyboard */ = {isa = PBXFileReference; lastKnownFileType = file.storyboard; path = BarDetailView.storyboard; sourceTree = "<group>"; };
		7F46C9F2232BE7B7005B5420 /* BarDetailViewController.swift */ = {isa = PBXFileReference; lastKnownFileType = sourcecode.swift; path = BarDetailViewController.swift; sourceTree = "<group>"; };
		7F72DEA5235E1BD000C71FEC /* BarPhotoCell.swift */ = {isa = PBXFileReference; lastKnownFileType = sourcecode.swift; path = BarPhotoCell.swift; sourceTree = "<group>"; };
		7FADBC0F231037930072FE02 /* MapViewController.swift */ = {isa = PBXFileReference; lastKnownFileType = sourcecode.swift; path = MapViewController.swift; sourceTree = "<group>"; };
		7FADBC112317C2000072FE02 /* BarAnnotation.swift */ = {isa = PBXFileReference; lastKnownFileType = sourcecode.swift; path = BarAnnotation.swift; sourceTree = "<group>"; };
		7FADBC132317D8170072FE02 /* FirebaseClient.swift */ = {isa = PBXFileReference; lastKnownFileType = sourcecode.swift; path = FirebaseClient.swift; sourceTree = "<group>"; };
		7FADBC152317DC8F0072FE02 /* GoogleService-Info.plist */ = {isa = PBXFileReference; fileEncoding = 4; lastKnownFileType = text.plist.xml; path = "GoogleService-Info.plist"; sourceTree = "<group>"; };
		7FADBC182317E3A60072FE02 /* CLLocationCoordinate2D+Extension.swift */ = {isa = PBXFileReference; lastKnownFileType = sourcecode.swift; path = "CLLocationCoordinate2D+Extension.swift"; sourceTree = "<group>"; };
		7FAF2393232BF30500D2CD5F /* contentViewHeader@3x.png */ = {isa = PBXFileReference; lastKnownFileType = image.png; path = "contentViewHeader@3x.png"; sourceTree = "<group>"; };
		7FAF2395232BF3EA00D2CD5F /* 0_jpeg-125.jpg */ = {isa = PBXFileReference; lastKnownFileType = image.jpeg; path = "0_jpeg-125.jpg"; sourceTree = "<group>"; };
		7FAF2399232BFFA300D2CD5F /* GreenTick@3x.png */ = {isa = PBXFileReference; lastKnownFileType = image.png; path = "GreenTick@3x.png"; sourceTree = "<group>"; };
		7FAF239B232C033900D2CD5F /* BestBitsCell.swift */ = {isa = PBXFileReference; lastKnownFileType = sourcecode.swift; path = BestBitsCell.swift; sourceTree = "<group>"; };
		7FCE177F2360DD1100821964 /* ReviewCell.swift */ = {isa = PBXFileReference; lastKnownFileType = sourcecode.swift; path = ReviewCell.swift; sourceTree = "<group>"; };
		7FDB954123617B7000D0FE46 /* ReviewsViewController.swift */ = {isa = PBXFileReference; lastKnownFileType = sourcecode.swift; path = ReviewsViewController.swift; sourceTree = "<group>"; };
		7FDB954423617F2D00D0FE46 /* Review.swift */ = {isa = PBXFileReference; lastKnownFileType = sourcecode.swift; path = Review.swift; sourceTree = "<group>"; };
		7FDB95462361E19700D0FE46 /* ReviewSubmissionConfView.storyboard */ = {isa = PBXFileReference; lastKnownFileType = file.storyboard; path = ReviewSubmissionConfView.storyboard; sourceTree = "<group>"; };
		7FDB95482361E60400D0FE46 /* SubmitReviewViewController.swift */ = {isa = PBXFileReference; lastKnownFileType = sourcecode.swift; path = SubmitReviewViewController.swift; sourceTree = "<group>"; };
		7FFC20342330119B00D2DF21 /* PhotosViewController.swift */ = {isa = PBXFileReference; lastKnownFileType = sourcecode.swift; path = PhotosViewController.swift; sourceTree = "<group>"; };
/* End PBXFileReference section */

/* Begin PBXFrameworksBuildPhase section */
		7F298692230FF56800B87B11 /* Frameworks */ = {
			isa = PBXFrameworksBuildPhase;
			buildActionMask = 2147483647;
			files = (
				33E794F802B906A8F98EB218 /* Pods_BestBar.framework in Frameworks */,
			);
			runOnlyForDeploymentPostprocessing = 0;
		};
/* End PBXFrameworksBuildPhase section */

/* Begin PBXGroup section */
		24A1C4620BCFC498A908C5FA /* Pods */ = {
			isa = PBXGroup;
			children = (
				52AF23D3BCF20F18D7C703CE /* Pods-BestBar.debug.xcconfig */,
				75A2C4E699DA9480DB58BF7F /* Pods-BestBar.release.xcconfig */,
			);
			path = Pods;
			sourceTree = "<group>";
		};
		7F29868C230FF56700B87B11 = {
			isa = PBXGroup;
			children = (
				7F298697230FF56800B87B11 /* BestBar */,
				7F298696230FF56800B87B11 /* Products */,
				24A1C4620BCFC498A908C5FA /* Pods */,
				B3B2CB41F9888D20FC15F29E /* Frameworks */,
			);
			sourceTree = "<group>";
		};
		7F298696230FF56800B87B11 /* Products */ = {
			isa = PBXGroup;
			children = (
				7F298695230FF56800B87B11 /* BestBar.app */,
			);
			name = Products;
			sourceTree = "<group>";
		};
		7F298697230FF56800B87B11 /* BestBar */ = {
			isa = PBXGroup;
			children = (
				7FDB954323617F1B00D0FE46 /* Models */,
				7F72DE9E235E159B00C71FEC /* Annotations */,
				7F72DE9D235E159200C71FEC /* Clients */,
				7F72DE9C235E158400C71FEC /* Cells */,
				7F72DE9B235E157100C71FEC /* View Controllers */,
				7F72DE9A235E156000C71FEC /* Views */,
				7F46C9F5232BF17D005B5420 /* Assets */,
				7FADBC172317E3510072FE02 /* Extensions */,
				7F298698230FF56800B87B11 /* AppDelegate.swift */,
				7F29869F230FF56C00B87B11 /* Assets.xcassets */,
				7F2986A4230FF56C00B87B11 /* Info.plist */,
				7FADBC152317DC8F0072FE02 /* GoogleService-Info.plist */,
			);
			path = BestBar;
			sourceTree = "<group>";
		};
		7F46C9F5232BF17D005B5420 /* Assets */ = {
			isa = PBXGroup;
			children = (
				7FAF2399232BFFA300D2CD5F /* GreenTick@3x.png */,
				7FAF2395232BF3EA00D2CD5F /* 0_jpeg-125.jpg */,
				7FAF2393232BF30500D2CD5F /* contentViewHeader@3x.png */,
				7F46C9EB232BA158005B5420 /* btn black.png */,
				7F46C9EC232BA15C005B5420 /* btn blue@3x.png */,
				7F46C9EA232BA155005B5420 /* buttonWelcome@3x.png */,
			);
			path = Assets;
			sourceTree = "<group>";
		};
		7F72DE9A235E156000C71FEC /* Views */ = {
			isa = PBXGroup;
			children = (
				7F29869C230FF56800B87B11 /* Main.storyboard */,
				7F2986A1230FF56C00B87B11 /* LaunchScreen.storyboard */,
				7F31D89B232AED7C00923AC2 /* BarCalloutViewController.xib */,
				7F46C9F0232BA92F005B5420 /* BarDetailView.storyboard */,
				7FDB95462361E19700D0FE46 /* ReviewSubmissionConfView.storyboard */,
			);
			path = Views;
			sourceTree = "<group>";
		};
		7F72DE9B235E157100C71FEC /* View Controllers */ = {
			isa = PBXGroup;
			children = (
				7F29869A230FF56800B87B11 /* ViewController.swift */,
				7FADBC0F231037930072FE02 /* MapViewController.swift */,
				7F31D89A232AED7C00923AC2 /* BarCalloutViewController.swift */,
				7F46C9F2232BE7B7005B5420 /* BarDetailViewController.swift */,
				7FFC20342330119B00D2DF21 /* PhotosViewController.swift */,
				7FDB954123617B7000D0FE46 /* ReviewsViewController.swift */,
				7FDB95482361E60400D0FE46 /* SubmitReviewViewController.swift */,
			);
			path = "View Controllers";
			sourceTree = "<group>";
		};
		7F72DE9C235E158400C71FEC /* Cells */ = {
			isa = PBXGroup;
			children = (
				7FAF239B232C033900D2CD5F /* BestBitsCell.swift */,
				7F72DEA5235E1BD000C71FEC /* BarPhotoCell.swift */,
				7FCE177F2360DD1100821964 /* ReviewCell.swift */,
			);
			path = Cells;
			sourceTree = "<group>";
		};
		7F72DE9D235E159200C71FEC /* Clients */ = {
			isa = PBXGroup;
			children = (
				7FADBC132317D8170072FE02 /* FirebaseClient.swift */,
			);
			path = Clients;
			sourceTree = "<group>";
		};
		7F72DE9E235E159B00C71FEC /* Annotations */ = {
			isa = PBXGroup;
			children = (
				7FADBC112317C2000072FE02 /* BarAnnotation.swift */,
			);
			path = Annotations;
			sourceTree = "<group>";
		};
		7FADBC172317E3510072FE02 /* Extensions */ = {
			isa = PBXGroup;
			children = (
				7FADBC182317E3A60072FE02 /* CLLocationCoordinate2D+Extension.swift */,
			);
			path = Extensions;
			sourceTree = "<group>";
		};
		7FDB954323617F1B00D0FE46 /* Models */ = {
			isa = PBXGroup;
			children = (
				7FDB954423617F2D00D0FE46 /* Review.swift */,
			);
			path = Models;
			sourceTree = "<group>";
		};
		B3B2CB41F9888D20FC15F29E /* Frameworks */ = {
			isa = PBXGroup;
			children = (
				46D07F3F2BCCCE9D7E87DD25 /* Pods_BestBar.framework */,
			);
			name = Frameworks;
			sourceTree = "<group>";
		};
/* End PBXGroup section */

/* Begin PBXNativeTarget section */
		7F298694230FF56800B87B11 /* BestBar */ = {
			isa = PBXNativeTarget;
			buildConfigurationList = 7F2986A7230FF56C00B87B11 /* Build configuration list for PBXNativeTarget "BestBar" */;
			buildPhases = (
				5BC29ECD3305A5693008540E /* [CP] Check Pods Manifest.lock */,
				7F298691230FF56800B87B11 /* Sources */,
				7F298692230FF56800B87B11 /* Frameworks */,
				7F298693230FF56800B87B11 /* Resources */,
				1A1F374AB792C6ED9A19E827 /* [CP] Embed Pods Frameworks */,
			);
			buildRules = (
			);
			dependencies = (
			);
			name = BestBar;
			productName = BestBar;
			productReference = 7F298695230FF56800B87B11 /* BestBar.app */;
			productType = "com.apple.product-type.application";
		};
/* End PBXNativeTarget section */

/* Begin PBXProject section */
		7F29868D230FF56700B87B11 /* Project object */ = {
			isa = PBXProject;
			attributes = {
				LastSwiftUpdateCheck = 1030;
				LastUpgradeCheck = 1030;
				ORGANIZATIONNAME = BelfastLabs;
				TargetAttributes = {
					7F298694230FF56800B87B11 = {
						CreatedOnToolsVersion = 10.3;
					};
				};
			};
			buildConfigurationList = 7F298690230FF56700B87B11 /* Build configuration list for PBXProject "BestBar" */;
			compatibilityVersion = "Xcode 9.3";
			developmentRegion = en;
			hasScannedForEncodings = 0;
			knownRegions = (
				en,
				Base,
			);
			mainGroup = 7F29868C230FF56700B87B11;
			productRefGroup = 7F298696230FF56800B87B11 /* Products */;
			projectDirPath = "";
			projectRoot = "";
			targets = (
				7F298694230FF56800B87B11 /* BestBar */,
			);
		};
/* End PBXProject section */

/* Begin PBXResourcesBuildPhase section */
		7F298693230FF56800B87B11 /* Resources */ = {
			isa = PBXResourcesBuildPhase;
			buildActionMask = 2147483647;
			files = (
				7F46C9EE232BA15C005B5420 /* btn black.png in Resources */,
				7FDB95472361E19700D0FE46 /* ReviewSubmissionConfView.storyboard in Resources */,
				7F2986A3230FF56C00B87B11 /* LaunchScreen.storyboard in Resources */,
				7F46C9EF232BA15C005B5420 /* btn blue@3x.png in Resources */,
				7F46C9ED232BA15C005B5420 /* buttonWelcome@3x.png in Resources */,
				7FADBC162317DC8F0072FE02 /* GoogleService-Info.plist in Resources */,
				7FAF2394232BF30500D2CD5F /* contentViewHeader@3x.png in Resources */,
				7F2986A0230FF56C00B87B11 /* Assets.xcassets in Resources */,
				7F29869E230FF56800B87B11 /* Main.storyboard in Resources */,
				7F31D89D232AED7C00923AC2 /* BarCalloutViewController.xib in Resources */,
				7FAF2396232BF3EA00D2CD5F /* 0_jpeg-125.jpg in Resources */,
				7FAF239A232BFFA300D2CD5F /* GreenTick@3x.png in Resources */,
				7F46C9F1232BA92F005B5420 /* BarDetailView.storyboard in Resources */,
			);
			runOnlyForDeploymentPostprocessing = 0;
		};
/* End PBXResourcesBuildPhase section */

/* Begin PBXShellScriptBuildPhase section */
		1A1F374AB792C6ED9A19E827 /* [CP] Embed Pods Frameworks */ = {
			isa = PBXShellScriptBuildPhase;
			buildActionMask = 2147483647;
			files = (
			);
			inputFileListPaths = (
				"${PODS_ROOT}/Target Support Files/Pods-BestBar/Pods-BestBar-frameworks-${CONFIGURATION}-input-files.xcfilelist",
			);
			name = "[CP] Embed Pods Frameworks";
			outputFileListPaths = (
				"${PODS_ROOT}/Target Support Files/Pods-BestBar/Pods-BestBar-frameworks-${CONFIGURATION}-output-files.xcfilelist",
			);
			runOnlyForDeploymentPostprocessing = 0;
			shellPath = /bin/sh;
			shellScript = "\"${PODS_ROOT}/Target Support Files/Pods-BestBar/Pods-BestBar-frameworks.sh\"\n";
			showEnvVarsInLog = 0;
		};
		5BC29ECD3305A5693008540E /* [CP] Check Pods Manifest.lock */ = {
			isa = PBXShellScriptBuildPhase;
			buildActionMask = 2147483647;
			files = (
			);
			inputFileListPaths = (
			);
			inputPaths = (
				"${PODS_PODFILE_DIR_PATH}/Podfile.lock",
				"${PODS_ROOT}/Manifest.lock",
			);
			name = "[CP] Check Pods Manifest.lock";
			outputFileListPaths = (
			);
			outputPaths = (
				"$(DERIVED_FILE_DIR)/Pods-BestBar-checkManifestLockResult.txt",
			);
			runOnlyForDeploymentPostprocessing = 0;
			shellPath = /bin/sh;
			shellScript = "diff \"${PODS_PODFILE_DIR_PATH}/Podfile.lock\" \"${PODS_ROOT}/Manifest.lock\" > /dev/null\nif [ $? != 0 ] ; then\n    # print error to STDERR\n    echo \"error: The sandbox is not in sync with the Podfile.lock. Run 'pod install' or update your CocoaPods installation.\" >&2\n    exit 1\nfi\n# This output is used by Xcode 'outputs' to avoid re-running this script phase.\necho \"SUCCESS\" > \"${SCRIPT_OUTPUT_FILE_0}\"\n";
			showEnvVarsInLog = 0;
		};
/* End PBXShellScriptBuildPhase section */

/* Begin PBXSourcesBuildPhase section */
		7F298691230FF56800B87B11 /* Sources */ = {
			isa = PBXSourcesBuildPhase;
			buildActionMask = 2147483647;
			files = (
				7FADBC192317E3A60072FE02 /* CLLocationCoordinate2D+Extension.swift in Sources */,
				7FCE17802360DD1100821964 /* ReviewCell.swift in Sources */,
				7F29869B230FF56800B87B11 /* ViewController.swift in Sources */,
				7FADBC10231037930072FE02 /* MapViewController.swift in Sources */,
				7FADBC142317D8170072FE02 /* FirebaseClient.swift in Sources */,
				7FADBC122317C2000072FE02 /* BarAnnotation.swift in Sources */,
				7F31D89C232AED7C00923AC2 /* BarCalloutViewController.swift in Sources */,
				7F72DEA6235E1BD000C71FEC /* BarPhotoCell.swift in Sources */,
				7FDB954223617B7000D0FE46 /* ReviewsViewController.swift in Sources */,
				7F298699230FF56800B87B11 /* AppDelegate.swift in Sources */,
				7FDB954523617F2D00D0FE46 /* Review.swift in Sources */,
				7F46C9F3232BE7B7005B5420 /* BarDetailViewController.swift in Sources */,
				7FAF239C232C033900D2CD5F /* BestBitsCell.swift in Sources */,
				7FDB95492361E60400D0FE46 /* SubmitReviewViewController.swift in Sources */,
				7FFC20352330119B00D2DF21 /* PhotosViewController.swift in Sources */,
			);
			runOnlyForDeploymentPostprocessing = 0;
		};
/* End PBXSourcesBuildPhase section */

/* Begin PBXVariantGroup section */
		7F29869C230FF56800B87B11 /* Main.storyboard */ = {
			isa = PBXVariantGroup;
			children = (
				7F29869D230FF56800B87B11 /* Base */,
			);
			name = Main.storyboard;
			sourceTree = "<group>";
		};
		7F2986A1230FF56C00B87B11 /* LaunchScreen.storyboard */ = {
			isa = PBXVariantGroup;
			children = (
				7F2986A2230FF56C00B87B11 /* Base */,
			);
			name = LaunchScreen.storyboard;
			sourceTree = "<group>";
		};
/* End PBXVariantGroup section */

/* Begin XCBuildConfiguration section */
		7F2986A5230FF56C00B87B11 /* Debug */ = {
			isa = XCBuildConfiguration;
			buildSettings = {
				ALWAYS_SEARCH_USER_PATHS = NO;
				CLANG_ANALYZER_NONNULL = YES;
				CLANG_ANALYZER_NUMBER_OBJECT_CONVERSION = YES_AGGRESSIVE;
				CLANG_CXX_LANGUAGE_STANDARD = "gnu++14";
				CLANG_CXX_LIBRARY = "libc++";
				CLANG_ENABLE_MODULES = YES;
				CLANG_ENABLE_OBJC_ARC = YES;
				CLANG_ENABLE_OBJC_WEAK = YES;
				CLANG_WARN_BLOCK_CAPTURE_AUTORELEASING = YES;
				CLANG_WARN_BOOL_CONVERSION = YES;
				CLANG_WARN_COMMA = YES;
				CLANG_WARN_CONSTANT_CONVERSION = YES;
				CLANG_WARN_DEPRECATED_OBJC_IMPLEMENTATIONS = YES;
				CLANG_WARN_DIRECT_OBJC_ISA_USAGE = YES_ERROR;
				CLANG_WARN_DOCUMENTATION_COMMENTS = YES;
				CLANG_WARN_EMPTY_BODY = YES;
				CLANG_WARN_ENUM_CONVERSION = YES;
				CLANG_WARN_INFINITE_RECURSION = YES;
				CLANG_WARN_INT_CONVERSION = YES;
				CLANG_WARN_NON_LITERAL_NULL_CONVERSION = YES;
				CLANG_WARN_OBJC_IMPLICIT_RETAIN_SELF = YES;
				CLANG_WARN_OBJC_LITERAL_CONVERSION = YES;
				CLANG_WARN_OBJC_ROOT_CLASS = YES_ERROR;
				CLANG_WARN_RANGE_LOOP_ANALYSIS = YES;
				CLANG_WARN_STRICT_PROTOTYPES = YES;
				CLANG_WARN_SUSPICIOUS_MOVE = YES;
				CLANG_WARN_UNGUARDED_AVAILABILITY = YES_AGGRESSIVE;
				CLANG_WARN_UNREACHABLE_CODE = YES;
				CLANG_WARN__DUPLICATE_METHOD_MATCH = YES;
				CODE_SIGN_IDENTITY = "iPhone Developer";
				COPY_PHASE_STRIP = NO;
				DEBUG_INFORMATION_FORMAT = dwarf;
				ENABLE_STRICT_OBJC_MSGSEND = YES;
				ENABLE_TESTABILITY = YES;
				GCC_C_LANGUAGE_STANDARD = gnu11;
				GCC_DYNAMIC_NO_PIC = NO;
				GCC_NO_COMMON_BLOCKS = YES;
				GCC_OPTIMIZATION_LEVEL = 0;
				GCC_PREPROCESSOR_DEFINITIONS = (
					"DEBUG=1",
					"$(inherited)",
				);
				GCC_WARN_64_TO_32_BIT_CONVERSION = YES;
				GCC_WARN_ABOUT_RETURN_TYPE = YES_ERROR;
				GCC_WARN_UNDECLARED_SELECTOR = YES;
				GCC_WARN_UNINITIALIZED_AUTOS = YES_AGGRESSIVE;
				GCC_WARN_UNUSED_FUNCTION = YES;
				GCC_WARN_UNUSED_VARIABLE = YES;
				IPHONEOS_DEPLOYMENT_TARGET = 12.4;
				MTL_ENABLE_DEBUG_INFO = INCLUDE_SOURCE;
				MTL_FAST_MATH = YES;
				ONLY_ACTIVE_ARCH = YES;
				SDKROOT = iphoneos;
				SWIFT_ACTIVE_COMPILATION_CONDITIONS = DEBUG;
				SWIFT_OPTIMIZATION_LEVEL = "-Onone";
			};
			name = Debug;
		};
		7F2986A6230FF56C00B87B11 /* Release */ = {
			isa = XCBuildConfiguration;
			buildSettings = {
				ALWAYS_SEARCH_USER_PATHS = NO;
				CLANG_ANALYZER_NONNULL = YES;
				CLANG_ANALYZER_NUMBER_OBJECT_CONVERSION = YES_AGGRESSIVE;
				CLANG_CXX_LANGUAGE_STANDARD = "gnu++14";
				CLANG_CXX_LIBRARY = "libc++";
				CLANG_ENABLE_MODULES = YES;
				CLANG_ENABLE_OBJC_ARC = YES;
				CLANG_ENABLE_OBJC_WEAK = YES;
				CLANG_WARN_BLOCK_CAPTURE_AUTORELEASING = YES;
				CLANG_WARN_BOOL_CONVERSION = YES;
				CLANG_WARN_COMMA = YES;
				CLANG_WARN_CONSTANT_CONVERSION = YES;
				CLANG_WARN_DEPRECATED_OBJC_IMPLEMENTATIONS = YES;
				CLANG_WARN_DIRECT_OBJC_ISA_USAGE = YES_ERROR;
				CLANG_WARN_DOCUMENTATION_COMMENTS = YES;
				CLANG_WARN_EMPTY_BODY = YES;
				CLANG_WARN_ENUM_CONVERSION = YES;
				CLANG_WARN_INFINITE_RECURSION = YES;
				CLANG_WARN_INT_CONVERSION = YES;
				CLANG_WARN_NON_LITERAL_NULL_CONVERSION = YES;
				CLANG_WARN_OBJC_IMPLICIT_RETAIN_SELF = YES;
				CLANG_WARN_OBJC_LITERAL_CONVERSION = YES;
				CLANG_WARN_OBJC_ROOT_CLASS = YES_ERROR;
				CLANG_WARN_RANGE_LOOP_ANALYSIS = YES;
				CLANG_WARN_STRICT_PROTOTYPES = YES;
				CLANG_WARN_SUSPICIOUS_MOVE = YES;
				CLANG_WARN_UNGUARDED_AVAILABILITY = YES_AGGRESSIVE;
				CLANG_WARN_UNREACHABLE_CODE = YES;
				CLANG_WARN__DUPLICATE_METHOD_MATCH = YES;
				CODE_SIGN_IDENTITY = "iPhone Developer";
				COPY_PHASE_STRIP = NO;
				DEBUG_INFORMATION_FORMAT = "dwarf-with-dsym";
				ENABLE_NS_ASSERTIONS = NO;
				ENABLE_STRICT_OBJC_MSGSEND = YES;
				GCC_C_LANGUAGE_STANDARD = gnu11;
				GCC_NO_COMMON_BLOCKS = YES;
				GCC_WARN_64_TO_32_BIT_CONVERSION = YES;
				GCC_WARN_ABOUT_RETURN_TYPE = YES_ERROR;
				GCC_WARN_UNDECLARED_SELECTOR = YES;
				GCC_WARN_UNINITIALIZED_AUTOS = YES_AGGRESSIVE;
				GCC_WARN_UNUSED_FUNCTION = YES;
				GCC_WARN_UNUSED_VARIABLE = YES;
				IPHONEOS_DEPLOYMENT_TARGET = 12.4;
				MTL_ENABLE_DEBUG_INFO = NO;
				MTL_FAST_MATH = YES;
				SDKROOT = iphoneos;
				SWIFT_COMPILATION_MODE = wholemodule;
				SWIFT_OPTIMIZATION_LEVEL = "-O";
				VALIDATE_PRODUCT = YES;
			};
			name = Release;
		};
		7F2986A8230FF56C00B87B11 /* Debug */ = {
			isa = XCBuildConfiguration;
			baseConfigurationReference = 52AF23D3BCF20F18D7C703CE /* Pods-BestBar.debug.xcconfig */;
			buildSettings = {
				ASSETCATALOG_COMPILER_APPICON_NAME = AppIcon;
				CODE_SIGN_STYLE = Automatic;
				DEVELOPMENT_TEAM = 9M742X5VBR;
				INFOPLIST_FILE = BestBar/Info.plist;
				LD_RUNPATH_SEARCH_PATHS = (
					"$(inherited)",
					"@executable_path/Frameworks",
				);
				PRODUCT_BUNDLE_IDENTIFIER = com.belfastlabs.BestBar;
				PRODUCT_NAME = "$(TARGET_NAME)";
				SWIFT_VERSION = 5.0;
				TARGETED_DEVICE_FAMILY = 1;
			};
			name = Debug;
		};
		7F2986A9230FF56C00B87B11 /* Release */ = {
			isa = XCBuildConfiguration;
			baseConfigurationReference = 75A2C4E699DA9480DB58BF7F /* Pods-BestBar.release.xcconfig */;
			buildSettings = {
				ASSETCATALOG_COMPILER_APPICON_NAME = AppIcon;
				CODE_SIGN_STYLE = Automatic;
				DEVELOPMENT_TEAM = 9M742X5VBR;
				INFOPLIST_FILE = BestBar/Info.plist;
				LD_RUNPATH_SEARCH_PATHS = (
					"$(inherited)",
					"@executable_path/Frameworks",
				);
				PRODUCT_BUNDLE_IDENTIFIER = com.belfastlabs.BestBar;
				PRODUCT_NAME = "$(TARGET_NAME)";
				SWIFT_VERSION = 5.0;
				TARGETED_DEVICE_FAMILY = 1;
			};
			name = Release;
		};
/* End XCBuildConfiguration section */

/* Begin XCConfigurationList section */
		7F298690230FF56700B87B11 /* Build configuration list for PBXProject "BestBar" */ = {
			isa = XCConfigurationList;
			buildConfigurations = (
				7F2986A5230FF56C00B87B11 /* Debug */,
				7F2986A6230FF56C00B87B11 /* Release */,
			);
			defaultConfigurationIsVisible = 0;
			defaultConfigurationName = Release;
		};
		7F2986A7230FF56C00B87B11 /* Build configuration list for PBXNativeTarget "BestBar" */ = {
			isa = XCConfigurationList;
			buildConfigurations = (
				7F2986A8230FF56C00B87B11 /* Debug */,
				7F2986A9230FF56C00B87B11 /* Release */,
			);
			defaultConfigurationIsVisible = 0;
			defaultConfigurationName = Release;
		};
/* End XCConfigurationList section */
	};
	rootObject = 7F29868D230FF56700B87B11 /* Project object */;
}
